// !$*UTF8*$!
{
	archiveVersion = 1;
	classes = {
	};
	objectVersion = 48;
	objects = {

/* Begin PBXBuildFile section */
		810D52041FA7541D00969916 /* AppDelegate.swift in Sources */ = {isa = PBXBuildFile; fileRef = 810D52031FA7541D00969916 /* AppDelegate.swift */; };
		810D520B1FA7541D00969916 /* Assets.xcassets in Resources */ = {isa = PBXBuildFile; fileRef = 810D520A1FA7541D00969916 /* Assets.xcassets */; };
		810D520E1FA7541D00969916 /* LaunchScreen.storyboard in Resources */ = {isa = PBXBuildFile; fileRef = 810D520C1FA7541D00969916 /* LaunchScreen.storyboard */; };
		810D52161FA7546C00969916 /* DrawerView.swift in Sources */ = {isa = PBXBuildFile; fileRef = 810D52151FA7546C00969916 /* DrawerView.swift */; };
		810D52181FA7547B00969916 /* extensions.swift in Sources */ = {isa = PBXBuildFile; fileRef = 810D52171FA7547B00969916 /* extensions.swift */; };
		810D521A1FA7548E00969916 /* ShapeChanger.swift in Sources */ = {isa = PBXBuildFile; fileRef = 810D52191FA7548E00969916 /* ShapeChanger.swift */; };
		810D521C1FA7549800969916 /* ShapeViewController.swift in Sources */ = {isa = PBXBuildFile; fileRef = 810D521B1FA7549800969916 /* ShapeViewController.swift */; };
		810D521E1FA754C400969916 /* Main.storyboard in Resources */ = {isa = PBXBuildFile; fileRef = 810D521D1FA754C400969916 /* Main.storyboard */; };
		811925E31FBE0D1800BD0769 /* Shape.swift in Sources */ = {isa = PBXBuildFile; fileRef = 811925E21FBE0D1800BD0769 /* Shape.swift */; };
		8170C1731FC33F090036BCB3 /* FaceitEliminationTests.swift in Sources */ = {isa = PBXBuildFile; fileRef = 8170C1721FC33F090036BCB3 /* FaceitEliminationTests.swift */; };
		8170C17B1FC33FDC0036BCB3 /* Point3D.swift in Sources */ = {isa = PBXBuildFile; fileRef = 8170C17A1FC33FDC0036BCB3 /* Point3D.swift */; };
		8170C17D1FC340650036BCB3 /* Facet.swift in Sources */ = {isa = PBXBuildFile; fileRef = 8170C17C1FC340650036BCB3 /* Facet.swift */; };
		8170C1801FC3411A0036BCB3 /* Edge.swift in Sources */ = {isa = PBXBuildFile; fileRef = 8170C17F1FC3411A0036BCB3 /* Edge.swift */; };
/* End PBXBuildFile section */

/* Begin PBXContainerItemProxy section */
		8170C1751FC33F0A0036BCB3 /* PBXContainerItemProxy */ = {
			isa = PBXContainerItemProxy;
			containerPortal = 810D51F81FA7541D00969916 /* Project object */;
			proxyType = 1;
			remoteGlobalIDString = 810D51FF1FA7541D00969916;
			remoteInfo = FaceitElimination;
		};
/* End PBXContainerItemProxy section */

/* Begin PBXFileReference section */
		810D52001FA7541D00969916 /* FaceitElimination.app */ = {isa = PBXFileReference; explicitFileType = wrapper.application; includeInIndex = 0; path = FaceitElimination.app; sourceTree = BUILT_PRODUCTS_DIR; };
		810D52031FA7541D00969916 /* AppDelegate.swift */ = {isa = PBXFileReference; lastKnownFileType = sourcecode.swift; path = AppDelegate.swift; sourceTree = "<group>"; };
		810D520A1FA7541D00969916 /* Assets.xcassets */ = {isa = PBXFileReference; lastKnownFileType = folder.assetcatalog; path = Assets.xcassets; sourceTree = "<group>"; };
		810D520D1FA7541D00969916 /* Base */ = {isa = PBXFileReference; lastKnownFileType = file.storyboard; name = Base; path = Base.lproj/LaunchScreen.storyboard; sourceTree = "<group>"; };
		810D520F1FA7541D00969916 /* Info.plist */ = {isa = PBXFileReference; lastKnownFileType = text.plist.xml; path = Info.plist; sourceTree = "<group>"; };
		810D52151FA7546C00969916 /* DrawerView.swift */ = {isa = PBXFileReference; fileEncoding = 4; lastKnownFileType = sourcecode.swift; path = DrawerView.swift; sourceTree = "<group>"; };
		810D52171FA7547B00969916 /* extensions.swift */ = {isa = PBXFileReference; fileEncoding = 4; lastKnownFileType = sourcecode.swift; path = extensions.swift; sourceTree = "<group>"; };
		810D52191FA7548E00969916 /* ShapeChanger.swift */ = {isa = PBXFileReference; fileEncoding = 4; lastKnownFileType = sourcecode.swift; path = ShapeChanger.swift; sourceTree = "<group>"; };
		810D521B1FA7549800969916 /* ShapeViewController.swift */ = {isa = PBXFileReference; fileEncoding = 4; lastKnownFileType = sourcecode.swift; name = ShapeViewController.swift; path = ../../BarrelRoll3D/BarrelRoll/ShapeViewController.swift; sourceTree = "<group>"; };
		810D521D1FA754C400969916 /* Main.storyboard */ = {isa = PBXFileReference; fileEncoding = 4; lastKnownFileType = file.storyboard; path = Main.storyboard; sourceTree = "<group>"; };
		811925E21FBE0D1800BD0769 /* Shape.swift */ = {isa = PBXFileReference; lastKnownFileType = sourcecode.swift; path = Shape.swift; sourceTree = "<group>"; };
		8170C1701FC33F090036BCB3 /* FaceitEliminationTests.xctest */ = {isa = PBXFileReference; explicitFileType = wrapper.cfbundle; includeInIndex = 0; path = FaceitEliminationTests.xctest; sourceTree = BUILT_PRODUCTS_DIR; };
		8170C1721FC33F090036BCB3 /* FaceitEliminationTests.swift */ = {isa = PBXFileReference; lastKnownFileType = sourcecode.swift; path = FaceitEliminationTests.swift; sourceTree = "<group>"; };
		8170C1741FC33F0A0036BCB3 /* Info.plist */ = {isa = PBXFileReference; lastKnownFileType = text.plist.xml; path = Info.plist; sourceTree = "<group>"; };
		8170C17A1FC33FDC0036BCB3 /* Point3D.swift */ = {isa = PBXFileReference; lastKnownFileType = sourcecode.swift; path = Point3D.swift; sourceTree = "<group>"; };
		8170C17C1FC340650036BCB3 /* Facet.swift */ = {isa = PBXFileReference; lastKnownFileType = sourcecode.swift; path = Facet.swift; sourceTree = "<group>"; };
		8170C17F1FC3411A0036BCB3 /* Edge.swift */ = {isa = PBXFileReference; lastKnownFileType = sourcecode.swift; path = Edge.swift; sourceTree = "<group>"; };
/* End PBXFileReference section */

/* Begin PBXFrameworksBuildPhase section */
		810D51FD1FA7541D00969916 /* Frameworks */ = {
			isa = PBXFrameworksBuildPhase;
			buildActionMask = 2147483647;
			files = (
			);
			runOnlyForDeploymentPostprocessing = 0;
		};
		8170C16D1FC33F090036BCB3 /* Frameworks */ = {
			isa = PBXFrameworksBuildPhase;
			buildActionMask = 2147483647;
			files = (
			);
			runOnlyForDeploymentPostprocessing = 0;
		};
/* End PBXFrameworksBuildPhase section */

/* Begin PBXGroup section */
		810D51F71FA7541D00969916 = {
			isa = PBXGroup;
			children = (
				810D52021FA7541D00969916 /* FaceitElimination */,
				8170C1711FC33F090036BCB3 /* FaceitEliminationTests */,
				810D52011FA7541D00969916 /* Products */,
			);
			sourceTree = "<group>";
		};
		810D52011FA7541D00969916 /* Products */ = {
			isa = PBXGroup;
			children = (
				810D52001FA7541D00969916 /* FaceitElimination.app */,
				8170C1701FC33F090036BCB3 /* FaceitEliminationTests.xctest */,
			);
			name = Products;
			sourceTree = "<group>";
		};
		810D52021FA7541D00969916 /* FaceitElimination */ = {
			isa = PBXGroup;
			children = (
				8170C17E1FC340770036BCB3 /* Model */,
				810D521F1FA773E000969916 /* SupportingFiles */,
				810D521B1FA7549800969916 /* ShapeViewController.swift */,
				810D52191FA7548E00969916 /* ShapeChanger.swift */,
				810D521D1FA754C400969916 /* Main.storyboard */,
				810D52151FA7546C00969916 /* DrawerView.swift */,
				810D52171FA7547B00969916 /* extensions.swift */,
				810D520F1FA7541D00969916 /* Info.plist */,
			);
			path = FaceitElimination;
			sourceTree = "<group>";
		};
		810D521F1FA773E000969916 /* SupportingFiles */ = {
			isa = PBXGroup;
			children = (
				810D52031FA7541D00969916 /* AppDelegate.swift */,
				810D520A1FA7541D00969916 /* Assets.xcassets */,
				810D520C1FA7541D00969916 /* LaunchScreen.storyboard */,
			);
			path = SupportingFiles;
			sourceTree = "<group>";
		};
		8170C1711FC33F090036BCB3 /* FaceitEliminationTests */ = {
			isa = PBXGroup;
			children = (
				8170C1721FC33F090036BCB3 /* FaceitEliminationTests.swift */,
				8170C1741FC33F0A0036BCB3 /* Info.plist */,
			);
			path = FaceitEliminationTests;
			sourceTree = "<group>";
		};
		8170C17E1FC340770036BCB3 /* Model */ = {
			isa = PBXGroup;
			children = (
				8170C17C1FC340650036BCB3 /* Facet.swift */,
				811925E21FBE0D1800BD0769 /* Shape.swift */,
				8170C17A1FC33FDC0036BCB3 /* Point3D.swift */,
				8170C17F1FC3411A0036BCB3 /* Edge.swift */,
			);
			path = Model;
			sourceTree = "<group>";
		};
/* End PBXGroup section */

/* Begin PBXNativeTarget section */
		810D51FF1FA7541D00969916 /* FaceitElimination */ = {
			isa = PBXNativeTarget;
			buildConfigurationList = 810D52121FA7541D00969916 /* Build configuration list for PBXNativeTarget "FaceitElimination" */;
			buildPhases = (
				810D51FC1FA7541D00969916 /* Sources */,
				810D51FD1FA7541D00969916 /* Frameworks */,
				810D51FE1FA7541D00969916 /* Resources */,
			);
			buildRules = (
			);
			dependencies = (
			);
			name = FaceitElimination;
			productName = FaceitElimination;
			productReference = 810D52001FA7541D00969916 /* FaceitElimination.app */;
			productType = "com.apple.product-type.application";
		};
		8170C16F1FC33F090036BCB3 /* FaceitEliminationTests */ = {
			isa = PBXNativeTarget;
			buildConfigurationList = 8170C1791FC33F0A0036BCB3 /* Build configuration list for PBXNativeTarget "FaceitEliminationTests" */;
			buildPhases = (
				8170C16C1FC33F090036BCB3 /* Sources */,
				8170C16D1FC33F090036BCB3 /* Frameworks */,
				8170C16E1FC33F090036BCB3 /* Resources */,
			);
			buildRules = (
			);
			dependencies = (
				8170C1761FC33F0A0036BCB3 /* PBXTargetDependency */,
			);
			name = FaceitEliminationTests;
			productName = FaceitEliminationTests;
			productReference = 8170C1701FC33F090036BCB3 /* FaceitEliminationTests.xctest */;
			productType = "com.apple.product-type.bundle.unit-test";
		};
/* End PBXNativeTarget section */

/* Begin PBXProject section */
		810D51F81FA7541D00969916 /* Project object */ = {
			isa = PBXProject;
			attributes = {
				LastSwiftUpdateCheck = 0900;
				LastUpgradeCheck = 0900;
				ORGANIZATIONNAME = Micky;
				TargetAttributes = {
					810D51FF1FA7541D00969916 = {
						CreatedOnToolsVersion = 9.0.1;
						ProvisioningStyle = Automatic;
					};
					8170C16F1FC33F090036BCB3 = {
						CreatedOnToolsVersion = 9.0.1;
						ProvisioningStyle = Automatic;
						TestTargetID = 810D51FF1FA7541D00969916;
					};
				};
			};
			buildConfigurationList = 810D51FB1FA7541D00969916 /* Build configuration list for PBXProject "FaceitElimination" */;
			compatibilityVersion = "Xcode 8.0";
			developmentRegion = en;
			hasScannedForEncodings = 0;
			knownRegions = (
				en,
				Base,
			);
			mainGroup = 810D51F71FA7541D00969916;
			productRefGroup = 810D52011FA7541D00969916 /* Products */;
			projectDirPath = "";
			projectRoot = "";
			targets = (
				810D51FF1FA7541D00969916 /* FaceitElimination */,
				8170C16F1FC33F090036BCB3 /* FaceitEliminationTests */,
			);
		};
/* End PBXProject section */

/* Begin PBXResourcesBuildPhase section */
		810D51FE1FA7541D00969916 /* Resources */ = {
			isa = PBXResourcesBuildPhase;
			buildActionMask = 2147483647;
			files = (
				810D520E1FA7541D00969916 /* LaunchScreen.storyboard in Resources */,
				810D520B1FA7541D00969916 /* Assets.xcassets in Resources */,
				810D521E1FA754C400969916 /* Main.storyboard in Resources */,
			);
			runOnlyForDeploymentPostprocessing = 0;
		};
		8170C16E1FC33F090036BCB3 /* Resources */ = {
			isa = PBXResourcesBuildPhase;
			buildActionMask = 2147483647;
			files = (
			);
			runOnlyForDeploymentPostprocessing = 0;
		};
/* End PBXResourcesBuildPhase section */

/* Begin PBXSourcesBuildPhase section */
		810D51FC1FA7541D00969916 /* Sources */ = {
			isa = PBXSourcesBuildPhase;
			buildActionMask = 2147483647;
			files = (
				810D521C1FA7549800969916 /* ShapeViewController.swift in Sources */,
				8170C17D1FC340650036BCB3 /* Facet.swift in Sources */,
				810D52161FA7546C00969916 /* DrawerView.swift in Sources */,
				810D52041FA7541D00969916 /* AppDelegate.swift in Sources */,
				810D52181FA7547B00969916 /* extensions.swift in Sources */,
				811925E31FBE0D1800BD0769 /* Shape.swift in Sources */,
				810D521A1FA7548E00969916 /* ShapeChanger.swift in Sources */,
				8170C17B1FC33FDC0036BCB3 /* Point3D.swift in Sources */,
				8170C1801FC3411A0036BCB3 /* Edge.swift in Sources */,
			);
			runOnlyForDeploymentPostprocessing = 0;
		};
		8170C16C1FC33F090036BCB3 /* Sources */ = {
			isa = PBXSourcesBuildPhase;
			buildActionMask = 2147483647;
			files = (
				8170C1731FC33F090036BCB3 /* FaceitEliminationTests.swift in Sources */,
			);
			runOnlyForDeploymentPostprocessing = 0;
		};
/* End PBXSourcesBuildPhase section */

/* Begin PBXTargetDependency section */
		8170C1761FC33F0A0036BCB3 /* PBXTargetDependency */ = {
			isa = PBXTargetDependency;
			target = 810D51FF1FA7541D00969916 /* FaceitElimination */;
			targetProxy = 8170C1751FC33F0A0036BCB3 /* PBXContainerItemProxy */;
		};
/* End PBXTargetDependency section */

/* Begin PBXVariantGroup section */
		810D520C1FA7541D00969916 /* LaunchScreen.storyboard */ = {
			isa = PBXVariantGroup;
			children = (
				810D520D1FA7541D00969916 /* Base */,
			);
			name = LaunchScreen.storyboard;
			sourceTree = "<group>";
		};
/* End PBXVariantGroup section */

/* Begin XCBuildConfiguration section */
		810D52101FA7541D00969916 /* Debug */ = {
			isa = XCBuildConfiguration;
			buildSettings = {
				ALWAYS_SEARCH_USER_PATHS = NO;
				CLANG_ANALYZER_NONNULL = YES;
				CLANG_ANALYZER_NUMBER_OBJECT_CONVERSION = YES_AGGRESSIVE;
				CLANG_CXX_LANGUAGE_STANDARD = "gnu++14";
				CLANG_CXX_LIBRARY = "libc++";
				CLANG_ENABLE_MODULES = YES;
				CLANG_ENABLE_OBJC_ARC = YES;
				CLANG_WARN_BLOCK_CAPTURE_AUTORELEASING = YES;
				CLANG_WARN_BOOL_CONVERSION = YES;
				CLANG_WARN_COMMA = YES;
				CLANG_WARN_CONSTANT_CONVERSION = YES;
				CLANG_WARN_DIRECT_OBJC_ISA_USAGE = YES_ERROR;
				CLANG_WARN_DOCUMENTATION_COMMENTS = YES;
				CLANG_WARN_EMPTY_BODY = YES;
				CLANG_WARN_ENUM_CONVERSION = YES;
				CLANG_WARN_INFINITE_RECURSION = YES;
				CLANG_WARN_INT_CONVERSION = YES;
				CLANG_WARN_NON_LITERAL_NULL_CONVERSION = YES;
				CLANG_WARN_OBJC_LITERAL_CONVERSION = YES;
				CLANG_WARN_OBJC_ROOT_CLASS = YES_ERROR;
				CLANG_WARN_RANGE_LOOP_ANALYSIS = YES;
				CLANG_WARN_STRICT_PROTOTYPES = YES;
				CLANG_WARN_SUSPICIOUS_MOVE = YES;
				CLANG_WARN_UNGUARDED_AVAILABILITY = YES_AGGRESSIVE;
				CLANG_WARN_UNREACHABLE_CODE = YES;
				CLANG_WARN__DUPLICATE_METHOD_MATCH = YES;
				CODE_SIGN_IDENTITY = "iPhone Developer";
				COPY_PHASE_STRIP = NO;
				DEBUG_INFORMATION_FORMAT = dwarf;
				ENABLE_STRICT_OBJC_MSGSEND = YES;
				ENABLE_TESTABILITY = YES;
				GCC_C_LANGUAGE_STANDARD = gnu11;
				GCC_DYNAMIC_NO_PIC = NO;
				GCC_NO_COMMON_BLOCKS = YES;
				GCC_OPTIMIZATION_LEVEL = 0;
				GCC_PREPROCESSOR_DEFINITIONS = (
					"DEBUG=1",
					"$(inherited)",
				);
				GCC_WARN_64_TO_32_BIT_CONVERSION = YES;
				GCC_WARN_ABOUT_RETURN_TYPE = YES_ERROR;
				GCC_WARN_UNDECLARED_SELECTOR = YES;
				GCC_WARN_UNINITIALIZED_AUTOS = YES_AGGRESSIVE;
				GCC_WARN_UNUSED_FUNCTION = YES;
				GCC_WARN_UNUSED_VARIABLE = YES;
				IPHONEOS_DEPLOYMENT_TARGET = 11.0;
				MTL_ENABLE_DEBUG_INFO = YES;
				ONLY_ACTIVE_ARCH = YES;
				SDKROOT = iphoneos;
				SWIFT_ACTIVE_COMPILATION_CONDITIONS = DEBUG;
				SWIFT_OPTIMIZATION_LEVEL = "-Onone";
			};
			name = Debug;
		};
		810D52111FA7541D00969916 /* Release */ = {
			isa = XCBuildConfiguration;
			buildSettings = {
				ALWAYS_SEARCH_USER_PATHS = NO;
				CLANG_ANALYZER_NONNULL = YES;
				CLANG_ANALYZER_NUMBER_OBJECT_CONVERSION = YES_AGGRESSIVE;
				CLANG_CXX_LANGUAGE_STANDARD = "gnu++14";
				CLANG_CXX_LIBRARY = "libc++";
				CLANG_ENABLE_MODULES = YES;
				CLANG_ENABLE_OBJC_ARC = YES;
				CLANG_WARN_BLOCK_CAPTURE_AUTORELEASING = YES;
				CLANG_WARN_BOOL_CONVERSION = YES;
				CLANG_WARN_COMMA = YES;
				CLANG_WARN_CONSTANT_CONVERSION = YES;
				CLANG_WARN_DIRECT_OBJC_ISA_USAGE = YES_ERROR;
				CLANG_WARN_DOCUMENTATION_COMMENTS = YES;
				CLANG_WARN_EMPTY_BODY = YES;
				CLANG_WARN_ENUM_CONVERSION = YES;
				CLANG_WARN_INFINITE_RECURSION = YES;
				CLANG_WARN_INT_CONVERSION = YES;
				CLANG_WARN_NON_LITERAL_NULL_CONVERSION = YES;
				CLANG_WARN_OBJC_LITERAL_CONVERSION = YES;
				CLANG_WARN_OBJC_ROOT_CLASS = YES_ERROR;
				CLANG_WARN_RANGE_LOOP_ANALYSIS = YES;
				CLANG_WARN_STRICT_PROTOTYPES = YES;
				CLANG_WARN_SUSPICIOUS_MOVE = YES;
				CLANG_WARN_UNGUARDED_AVAILABILITY = YES_AGGRESSIVE;
				CLANG_WARN_UNREACHABLE_CODE = YES;
				CLANG_WARN__DUPLICATE_METHOD_MATCH = YES;
				CODE_SIGN_IDENTITY = "iPhone Developer";
				COPY_PHASE_STRIP = NO;
				DEBUG_INFORMATION_FORMAT = "dwarf-with-dsym";
				ENABLE_NS_ASSERTIONS = NO;
				ENABLE_STRICT_OBJC_MSGSEND = YES;
				GCC_C_LANGUAGE_STANDARD = gnu11;
				GCC_NO_COMMON_BLOCKS = YES;
				GCC_WARN_64_TO_32_BIT_CONVERSION = YES;
				GCC_WARN_ABOUT_RETURN_TYPE = YES_ERROR;
				GCC_WARN_UNDECLARED_SELECTOR = YES;
				GCC_WARN_UNINITIALIZED_AUTOS = YES_AGGRESSIVE;
				GCC_WARN_UNUSED_FUNCTION = YES;
				GCC_WARN_UNUSED_VARIABLE = YES;
				IPHONEOS_DEPLOYMENT_TARGET = 11.0;
				MTL_ENABLE_DEBUG_INFO = NO;
				SDKROOT = iphoneos;
				SWIFT_OPTIMIZATION_LEVEL = "-Owholemodule";
				VALIDATE_PRODUCT = YES;
			};
			name = Release;
		};
		810D52131FA7541D00969916 /* Debug */ = {
			isa = XCBuildConfiguration;
			buildSettings = {
				ASSETCATALOG_COMPILER_APPICON_NAME = AppIcon;
				CODE_SIGN_STYLE = Automatic;
				INFOPLIST_FILE = FaceitElimination/Info.plist;
				LD_RUNPATH_SEARCH_PATHS = "$(inherited) @executable_path/Frameworks";
				PRODUCT_BUNDLE_IDENTIFIER = me.FaceitElimination;
				PRODUCT_NAME = "$(TARGET_NAME)";
				SWIFT_VERSION = 4.0;
				TARGETED_DEVICE_FAMILY = "1,2";
			};
			name = Debug;
		};
		810D52141FA7541D00969916 /* Release */ = {
			isa = XCBuildConfiguration;
			buildSettings = {
				ASSETCATALOG_COMPILER_APPICON_NAME = AppIcon;
				CODE_SIGN_STYLE = Automatic;
				INFOPLIST_FILE = FaceitElimination/Info.plist;
				LD_RUNPATH_SEARCH_PATHS = "$(inherited) @executable_path/Frameworks";
				PRODUCT_BUNDLE_IDENTIFIER = me.FaceitElimination;
				PRODUCT_NAME = "$(TARGET_NAME)";
				SWIFT_VERSION = 4.0;
				TARGETED_DEVICE_FAMILY = "1,2";
			};
			name = Release;
		};
		8170C1771FC33F0A0036BCB3 /* Debug */ = {
			isa = XCBuildConfiguration;
			buildSettings = {
				BUNDLE_LOADER = "$(TEST_HOST)";
				CODE_SIGN_STYLE = Automatic;
				INFOPLIST_FILE = FaceitEliminationTests/Info.plist;
				LD_RUNPATH_SEARCH_PATHS = "$(inherited) @executable_path/Frameworks @loader_path/Frameworks";
				PRODUCT_BUNDLE_IDENTIFIER = me.FaceitEliminationTests;
				PRODUCT_NAME = "$(TARGET_NAME)";
				SWIFT_VERSION = 4.0;
				TARGETED_DEVICE_FAMILY = "1,2";
				TEST_HOST = "$(BUILT_PRODUCTS_DIR)/FaceitElimination.app/FaceitElimination";
			};
			name = Debug;
		};
		8170C1781FC33F0A0036BCB3 /* Release */ = {
			isa = XCBuildConfiguration;
			buildSettings = {
				BUNDLE_LOADER = "$(TEST_HOST)";
				CODE_SIGN_STYLE = Automatic;
				INFOPLIST_FILE = FaceitEliminationTests/Info.plist;
				LD_RUNPATH_SEARCH_PATHS = "$(inherited) @executable_path/Frameworks @loader_path/Frameworks";
				PRODUCT_BUNDLE_IDENTIFIER = me.FaceitEliminationTests;
				PRODUCT_NAME = "$(TARGET_NAME)";
				SWIFT_VERSION = 4.0;
				TARGETED_DEVICE_FAMILY = "1,2";
				TEST_HOST = "$(BUILT_PRODUCTS_DIR)/FaceitElimination.app/FaceitElimination";
			};
			name = Release;
		};
/* End XCBuildConfiguration section */

/* Begin XCConfigurationList section */
		810D51FB1FA7541D00969916 /* Build configuration list for PBXProject "FaceitElimination" */ = {
			isa = XCConfigurationList;
			buildConfigurations = (
				810D52101FA7541D00969916 /* Debug */,
				810D52111FA7541D00969916 /* Release */,
			);
			defaultConfigurationIsVisible = 0;
			defaultConfigurationName = Release;
		};
		810D52121FA7541D00969916 /* Build configuration list for PBXNativeTarget "FaceitElimination" */ = {
			isa = XCConfigurationList;
			buildConfigurations = (
				810D52131FA7541D00969916 /* Debug */,
				810D52141FA7541D00969916 /* Release */,
			);
			defaultConfigurationIsVisible = 0;
			defaultConfigurationName = Release;
		};
		8170C1791FC33F0A0036BCB3 /* Build configuration list for PBXNativeTarget "FaceitEliminationTests" */ = {
			isa = XCConfigurationList;
			buildConfigurations = (
				8170C1771FC33F0A0036BCB3 /* Debug */,
				8170C1781FC33F0A0036BCB3 /* Release */,
			);
			defaultConfigurationIsVisible = 0;
			defaultConfigurationName = Release;
		};
/* End XCConfigurationList section */
	};
	rootObject = 810D51F81FA7541D00969916 /* Project object */;
}
